
Microsoft Visual Studio Solution File, Format Version 12.00
# Visual Studio 15
Project("{FAE04EC0-301F-11D3-BF4B-00C04F79EFBC}") = "DistanceB2U", "DistanceB2U\DistanceB2U.csproj", "{0B724F23-D4E4-48EF-89C8-76D2EDE544BC}"
EndProject
Global
	GlobalSection(SolutionConfigurationPlatforms) = preSolution
		Debug|Any CPU = Debug|Any CPU
		Release|Any CPU = Release|Any CPU
	EndGlobalSection
	GlobalSection(ProjectConfigurationPlatforms) = postSolution
		{0B724F23-D4E4-48EF-89C8-76D2EDE544BC}.Debug|Any CPU.ActiveCfg = Debug|Any CPU
		{0B724F23-D4E4-48EF-89C8-76D2EDE544BC}.Debug|Any CPU.Build.0 = Debug|Any CPU
		{0B724F23-D4E4-48EF-89C8-76D2EDE544BC}.Release|Any CPU.ActiveCfg = Release|Any CPU
		{0B724F23-D4E4-48EF-89C8-76D2EDE544BC}.Release|Any CPU.Build.0 = Release|Any CPU
	EndGlobalSection
EndGlobal
